
Microsoft Visual Studio Solution File, Format Version 12.00
# Visual Studio Version 17
VisualStudioVersion = 17.5.002.0
MinimumVisualStudioVersion = 10.0.40219.1
Project("{9A19103F-16F7-4668-BE54-9A1E7A4F7556}") = "Task1", "Task1.csproj", "{ACB65A45-2F78-4686-B748-09D7D7625289}"
EndProject
Global
	GlobalSection(SolutionConfigurationPlatforms) = preSolution
		Debug|Any CPU = Debug|Any CPU
		Release|Any CPU = Release|Any CPU
	EndGlobalSection
	GlobalSection(ProjectConfigurationPlatforms) = postSolution
		{ACB65A45-2F78-4686-B748-09D7D7625289}.Debug|Any CPU.ActiveCfg = Debug|Any CPU
		{ACB65A45-2F78-4686-B748-09D7D7625289}.Debug|Any CPU.Build.0 = Debug|Any CPU
		{ACB65A45-2F78-4686-B748-09D7D7625289}.Release|Any CPU.ActiveCfg = Release|Any CPU
		{ACB65A45-2F78-4686-B748-09D7D7625289}.Release|Any CPU.Build.0 = Release|Any CPU
	EndGlobalSection
	GlobalSection(SolutionProperties) = preSolution
		HideSolutionNode = FALSE
	EndGlobalSection
	GlobalSection(ExtensibilityGlobals) = postSolution
		SolutionGuid = {C407C51A-9EF8-4731-B0ED-0E080B9329E4}
	EndGlobalSection
EndGlobal
